Microsoft Visual Studio Solution File, Format Version 12.00
# Visual Studio Version 17
VisualStudioVersion = 17.5.2.0
MinimumVisualStudioVersion = 10.0.40219.1
Project("{FAE04EC0-301F-11D3-BF4B-00C04F79EFBC}") = "API_ProjetoAnne", "API_ProjetoAnne.csproj", "{F7519B5D-EF9D-E00A-DA34-109C30E4B835}"
EndProject
Global
	GlobalSection(SolutionConfigurationPlatforms) = preSolution
		Debug|Any CPU = Debug|Any CPU
		Release|Any CPU = Release|Any CPU
	EndGlobalSection
	GlobalSection(ProjectConfigurationPlatforms) = postSolution
		{F7519B5D-EF9D-E00A-DA34-109C30E4B835}.Debug|Any CPU.ActiveCfg = Debug|Any CPU
		{F7519B5D-EF9D-E00A-DA34-109C30E4B835}.Debug|Any CPU.Build.0 = Debug|Any CPU
		{F7519B5D-EF9D-E00A-DA34-109C30E4B835}.Release|Any CPU.ActiveCfg = Release|Any CPU
		{F7519B5D-EF9D-E00A-DA34-109C30E4B835}.Release|Any CPU.Build.0 = Release|Any CPU
	EndGlobalSection
	GlobalSection(SolutionProperties) = preSolution
		HideSolutionNode = FALSE
	EndGlobalSection
	GlobalSection(ExtensibilityGlobals) = postSolution
		SolutionGuid = {11F5AC02-9C0A-475C-8549-F686424441A8}
	EndGlobalSection
EndGlobal
