Microsoft Visual Studio Solution File, Format Version 12.00
# Visual Studio Version 17
VisualStudioVersion = 17.5.2.0
MinimumVisualStudioVersion = 10.0.40219.1
Project("{FAE04EC0-301F-11D3-BF4B-00C04F79EFBC}") = "Api_Projeto.Annne", "Api_Projeto.Annne.csproj", "{F1393A07-0F6E-2E90-6358-F5714A7DAC2B}"
EndProject
Global
	GlobalSection(SolutionConfigurationPlatforms) = preSolution
		Debug|Any CPU = Debug|Any CPU
		Release|Any CPU = Release|Any CPU
	EndGlobalSection
	GlobalSection(ProjectConfigurationPlatforms) = postSolution
		{F1393A07-0F6E-2E90-6358-F5714A7DAC2B}.Debug|Any CPU.ActiveCfg = Debug|Any CPU
		{F1393A07-0F6E-2E90-6358-F5714A7DAC2B}.Debug|Any CPU.Build.0 = Debug|Any CPU
		{F1393A07-0F6E-2E90-6358-F5714A7DAC2B}.Release|Any CPU.ActiveCfg = Release|Any CPU
		{F1393A07-0F6E-2E90-6358-F5714A7DAC2B}.Release|Any CPU.Build.0 = Release|Any CPU
	EndGlobalSection
	GlobalSection(SolutionProperties) = preSolution
		HideSolutionNode = FALSE
	EndGlobalSection
	GlobalSection(ExtensibilityGlobals) = postSolution
		SolutionGuid = {1C2A3E15-CAE6-40A6-A62F-CFB19F13C22B}
	EndGlobalSection
EndGlobal
